// !$*UTF8*$!
{
	archiveVersion = 1;
	classes = {
	};
	objectVersion = 56;
	objects = {

/* Begin PBXBuildFile section */
		FA482213294F663C00CFBF0D /* AppDelegate.swift in Sources */ = {isa = PBXBuildFile; fileRef = FA482212294F663C00CFBF0D /* AppDelegate.swift */; };
		FA482215294F663C00CFBF0D /* SceneDelegate.swift in Sources */ = {isa = PBXBuildFile; fileRef = FA482214294F663C00CFBF0D /* SceneDelegate.swift */; };
		FA482217294F663C00CFBF0D /* ViewController.swift in Sources */ = {isa = PBXBuildFile; fileRef = FA482216294F663C00CFBF0D /* ViewController.swift */; };
		FA48221A294F663C00CFBF0D /* Main.storyboard in Resources */ = {isa = PBXBuildFile; fileRef = FA482218294F663C00CFBF0D /* Main.storyboard */; };
		FA48221C294F663D00CFBF0D /* Assets.xcassets in Resources */ = {isa = PBXBuildFile; fileRef = FA48221B294F663D00CFBF0D /* Assets.xcassets */; };
		FA48221F294F663D00CFBF0D /* LaunchScreen.storyboard in Resources */ = {isa = PBXBuildFile; fileRef = FA48221D294F663D00CFBF0D /* LaunchScreen.storyboard */; };
		FA48222A294F663D00CFBF0D /* AppTwoTests.swift in Sources */ = {isa = PBXBuildFile; fileRef = FA482229294F663D00CFBF0D /* AppTwoTests.swift */; };
		FA482234294F663D00CFBF0D /* AppTwoUITests.swift in Sources */ = {isa = PBXBuildFile; fileRef = FA482233294F663D00CFBF0D /* AppTwoUITests.swift */; };
		FA482236294F663D00CFBF0D /* AppTwoUITestsLaunchTests.swift in Sources */ = {isa = PBXBuildFile; fileRef = FA482235294F663D00CFBF0D /* AppTwoUITestsLaunchTests.swift */; };
/* End PBXBuildFile section */

/* Begin PBXContainerItemProxy section */
		FA482226294F663D00CFBF0D /* PBXContainerItemProxy */ = {
			isa = PBXContainerItemProxy;
			containerPortal = FA482207294F663C00CFBF0D /* Project object */;
			proxyType = 1;
			remoteGlobalIDString = FA48220E294F663C00CFBF0D;
			remoteInfo = AppTwo;
		};
		FA482230294F663D00CFBF0D /* PBXContainerItemProxy */ = {
			isa = PBXContainerItemProxy;
			containerPortal = FA482207294F663C00CFBF0D /* Project object */;
			proxyType = 1;
			remoteGlobalIDString = FA48220E294F663C00CFBF0D;
			remoteInfo = AppTwo;
		};
/* End PBXContainerItemProxy section */

/* Begin PBXFileReference section */
		FA48220F294F663C00CFBF0D /* AppTwo.app */ = {isa = PBXFileReference; explicitFileType = wrapper.application; includeInIndex = 0; path = AppTwo.app; sourceTree = BUILT_PRODUCTS_DIR; };
		FA482212294F663C00CFBF0D /* AppDelegate.swift */ = {isa = PBXFileReference; lastKnownFileType = sourcecode.swift; path = AppDelegate.swift; sourceTree = "<group>"; };
		FA482214294F663C00CFBF0D /* SceneDelegate.swift */ = {isa = PBXFileReference; lastKnownFileType = sourcecode.swift; path = SceneDelegate.swift; sourceTree = "<group>"; };
		FA482216294F663C00CFBF0D /* ViewController.swift */ = {isa = PBXFileReference; lastKnownFileType = sourcecode.swift; path = ViewController.swift; sourceTree = "<group>"; };
		FA482219294F663C00CFBF0D /* Base */ = {isa = PBXFileReference; lastKnownFileType = file.storyboard; name = Base; path = Base.lproj/Main.storyboard; sourceTree = "<group>"; };
		FA48221B294F663D00CFBF0D /* Assets.xcassets */ = {isa = PBXFileReference; lastKnownFileType = folder.assetcatalog; path = Assets.xcassets; sourceTree = "<group>"; };
		FA48221E294F663D00CFBF0D /* Base */ = {isa = PBXFileReference; lastKnownFileType = file.storyboard; name = Base; path = Base.lproj/LaunchScreen.storyboard; sourceTree = "<group>"; };
		FA482220294F663D00CFBF0D /* Info.plist */ = {isa = PBXFileReference; lastKnownFileType = text.plist.xml; path = Info.plist; sourceTree = "<group>"; };
		FA482225294F663D00CFBF0D /* AppTwoTests.xctest */ = {isa = PBXFileReference; explicitFileType = wrapper.cfbundle; includeInIndex = 0; path = AppTwoTests.xctest; sourceTree = BUILT_PRODUCTS_DIR; };
		FA482229294F663D00CFBF0D /* AppTwoTests.swift */ = {isa = PBXFileReference; lastKnownFileType = sourcecode.swift; path = AppTwoTests.swift; sourceTree = "<group>"; };
		FA48222F294F663D00CFBF0D /* AppTwoUITests.xctest */ = {isa = PBXFileReference; explicitFileType = wrapper.cfbundle; includeInIndex = 0; path = AppTwoUITests.xctest; sourceTree = BUILT_PRODUCTS_DIR; };
		FA482233294F663D00CFBF0D /* AppTwoUITests.swift */ = {isa = PBXFileReference; lastKnownFileType = sourcecode.swift; path = AppTwoUITests.swift; sourceTree = "<group>"; };
		FA482235294F663D00CFBF0D /* AppTwoUITestsLaunchTests.swift */ = {isa = PBXFileReference; lastKnownFileType = sourcecode.swift; path = AppTwoUITestsLaunchTests.swift; sourceTree = "<group>"; };
/* End PBXFileReference section */

/* Begin PBXFrameworksBuildPhase section */
		FA48220C294F663C00CFBF0D /* Frameworks */ = {
			isa = PBXFrameworksBuildPhase;
			buildActionMask = 2147483647;
			files = (
			);
			runOnlyForDeploymentPostprocessing = 0;
		};
		FA482222294F663D00CFBF0D /* Frameworks */ = {
			isa = PBXFrameworksBuildPhase;
			buildActionMask = 2147483647;
			files = (
			);
			runOnlyForDeploymentPostprocessing = 0;
		};
		FA48222C294F663D00CFBF0D /* Frameworks */ = {
			isa = PBXFrameworksBuildPhase;
			buildActionMask = 2147483647;
			files = (
			);
			runOnlyForDeploymentPostprocessing = 0;
		};
/* End PBXFrameworksBuildPhase section */

/* Begin PBXGroup section */
		FA482206294F663C00CFBF0D = {
			isa = PBXGroup;
			children = (
				FA482211294F663C00CFBF0D /* AppTwo */,
				FA482228294F663D00CFBF0D /* AppTwoTests */,
				FA482232294F663D00CFBF0D /* AppTwoUITests */,
				FA482210294F663C00CFBF0D /* Products */,
			);
			sourceTree = "<group>";
		};
		FA482210294F663C00CFBF0D /* Products */ = {
			isa = PBXGroup;
			children = (
				FA48220F294F663C00CFBF0D /* AppTwo.app */,
				FA482225294F663D00CFBF0D /* AppTwoTests.xctest */,
				FA48222F294F663D00CFBF0D /* AppTwoUITests.xctest */,
			);
			name = Products;
			sourceTree = "<group>";
		};
		FA482211294F663C00CFBF0D /* AppTwo */ = {
			isa = PBXGroup;
			children = (
				FA482212294F663C00CFBF0D /* AppDelegate.swift */,
				FA482214294F663C00CFBF0D /* SceneDelegate.swift */,
				FA482216294F663C00CFBF0D /* ViewController.swift */,
				FA482218294F663C00CFBF0D /* Main.storyboard */,
				FA48221B294F663D00CFBF0D /* Assets.xcassets */,
				FA48221D294F663D00CFBF0D /* LaunchScreen.storyboard */,
				FA482220294F663D00CFBF0D /* Info.plist */,
			);
			path = AppTwo;
			sourceTree = "<group>";
		};
		FA482228294F663D00CFBF0D /* AppTwoTests */ = {
			isa = PBXGroup;
			children = (
				FA482229294F663D00CFBF0D /* AppTwoTests.swift */,
			);
			path = AppTwoTests;
			sourceTree = "<group>";
		};
		FA482232294F663D00CFBF0D /* AppTwoUITests */ = {
			isa = PBXGroup;
			children = (
				FA482233294F663D00CFBF0D /* AppTwoUITests.swift */,
				FA482235294F663D00CFBF0D /* AppTwoUITestsLaunchTests.swift */,
			);
			path = AppTwoUITests;
			sourceTree = "<group>";
		};
/* End PBXGroup section */

/* Begin PBXNativeTarget section */
		FA48220E294F663C00CFBF0D /* AppTwo */ = {
			isa = PBXNativeTarget;
			buildConfigurationList = FA482239294F663D00CFBF0D /* Build configuration list for PBXNativeTarget "AppTwo" */;
			buildPhases = (
				FA48220B294F663C00CFBF0D /* Sources */,
				FA48220C294F663C00CFBF0D /* Frameworks */,
				FA48220D294F663C00CFBF0D /* Resources */,
			);
			buildRules = (
			);
			dependencies = (
			);
			name = AppTwo;
			productName = AppTwo;
			productReference = FA48220F294F663C00CFBF0D /* AppTwo.app */;
			productType = "com.apple.product-type.application";
		};
		FA482224294F663D00CFBF0D /* AppTwoTests */ = {
			isa = PBXNativeTarget;
			buildConfigurationList = FA48223C294F663D00CFBF0D /* Build configuration list for PBXNativeTarget "AppTwoTests" */;
			buildPhases = (
				FA482221294F663D00CFBF0D /* Sources */,
				FA482222294F663D00CFBF0D /* Frameworks */,
				FA482223294F663D00CFBF0D /* Resources */,
			);
			buildRules = (
			);
			dependencies = (
				FA482227294F663D00CFBF0D /* PBXTargetDependency */,
			);
			name = AppTwoTests;
			productName = AppTwoTests;
			productReference = FA482225294F663D00CFBF0D /* AppTwoTests.xctest */;
			productType = "com.apple.product-type.bundle.unit-test";
		};
		FA48222E294F663D00CFBF0D /* AppTwoUITests */ = {
			isa = PBXNativeTarget;
			buildConfigurationList = FA48223F294F663D00CFBF0D /* Build configuration list for PBXNativeTarget "AppTwoUITests" */;
			buildPhases = (
				FA48222B294F663D00CFBF0D /* Sources */,
				FA48222C294F663D00CFBF0D /* Frameworks */,
				FA48222D294F663D00CFBF0D /* Resources */,
			);
			buildRules = (
			);
			dependencies = (
				FA482231294F663D00CFBF0D /* PBXTargetDependency */,
			);
			name = AppTwoUITests;
			productName = AppTwoUITests;
			productReference = FA48222F294F663D00CFBF0D /* AppTwoUITests.xctest */;
			productType = "com.apple.product-type.bundle.ui-testing";
		};
/* End PBXNativeTarget section */

/* Begin PBXProject section */
		FA482207294F663C00CFBF0D /* Project object */ = {
			isa = PBXProject;
			attributes = {
				BuildIndependentTargetsInParallel = 1;
				LastSwiftUpdateCheck = 1420;
				LastUpgradeCheck = 1420;
				TargetAttributes = {
					FA48220E294F663C00CFBF0D = {
						CreatedOnToolsVersion = 14.2;
					};
					FA482224294F663D00CFBF0D = {
						CreatedOnToolsVersion = 14.2;
						TestTargetID = FA48220E294F663C00CFBF0D;
					};
					FA48222E294F663D00CFBF0D = {
						CreatedOnToolsVersion = 14.2;
						TestTargetID = FA48220E294F663C00CFBF0D;
					};
				};
			};
			buildConfigurationList = FA48220A294F663C00CFBF0D /* Build configuration list for PBXProject "AppTwo" */;
			compatibilityVersion = "Xcode 14.0";
			developmentRegion = en;
			hasScannedForEncodings = 0;
			knownRegions = (
				en,
				Base,
			);
			mainGroup = FA482206294F663C00CFBF0D;
			productRefGroup = FA482210294F663C00CFBF0D /* Products */;
			projectDirPath = "";
			projectRoot = "";
			targets = (
				FA48220E294F663C00CFBF0D /* AppTwo */,
				FA482224294F663D00CFBF0D /* AppTwoTests */,
				FA48222E294F663D00CFBF0D /* AppTwoUITests */,
			);
		};
/* End PBXProject section */

/* Begin PBXResourcesBuildPhase section */
		FA48220D294F663C00CFBF0D /* Resources */ = {
			isa = PBXResourcesBuildPhase;
			buildActionMask = 2147483647;
			files = (
				FA48221F294F663D00CFBF0D /* LaunchScreen.storyboard in Resources */,
				FA48221C294F663D00CFBF0D /* Assets.xcassets in Resources */,
				FA48221A294F663C00CFBF0D /* Main.storyboard in Resources */,
			);
			runOnlyForDeploymentPostprocessing = 0;
		};
		FA482223294F663D00CFBF0D /* Resources */ = {
			isa = PBXResourcesBuildPhase;
			buildActionMask = 2147483647;
			files = (
			);
			runOnlyForDeploymentPostprocessing = 0;
		};
		FA48222D294F663D00CFBF0D /* Resources */ = {
			isa = PBXResourcesBuildPhase;
			buildActionMask = 2147483647;
			files = (
			);
			runOnlyForDeploymentPostprocessing = 0;
		};
/* End PBXResourcesBuildPhase section */

/* Begin PBXSourcesBuildPhase section */
		FA48220B294F663C00CFBF0D /* Sources */ = {
			isa = PBXSourcesBuildPhase;
			buildActionMask = 2147483647;
			files = (
				FA482217294F663C00CFBF0D /* ViewController.swift in Sources */,
				FA482213294F663C00CFBF0D /* AppDelegate.swift in Sources */,
				FA482215294F663C00CFBF0D /* SceneDelegate.swift in Sources */,
			);
			runOnlyForDeploymentPostprocessing = 0;
		};
		FA482221294F663D00CFBF0D /* Sources */ = {
			isa = PBXSourcesBuildPhase;
			buildActionMask = 2147483647;
			files = (
				FA48222A294F663D00CFBF0D /* AppTwoTests.swift in Sources */,
			);
			runOnlyForDeploymentPostprocessing = 0;
		};
		FA48222B294F663D00CFBF0D /* Sources */ = {
			isa = PBXSourcesBuildPhase;
			buildActionMask = 2147483647;
			files = (
				FA482234294F663D00CFBF0D /* AppTwoUITests.swift in Sources */,
				FA482236294F663D00CFBF0D /* AppTwoUITestsLaunchTests.swift in Sources */,
			);
			runOnlyForDeploymentPostprocessing = 0;
		};
/* End PBXSourcesBuildPhase section */

/* Begin PBXTargetDependency section */
		FA482227294F663D00CFBF0D /* PBXTargetDependency */ = {
			isa = PBXTargetDependency;
			target = FA48220E294F663C00CFBF0D /* AppTwo */;
			targetProxy = FA482226294F663D00CFBF0D /* PBXContainerItemProxy */;
		};
		FA482231294F663D00CFBF0D /* PBXTargetDependency */ = {
			isa = PBXTargetDependency;
			target = FA48220E294F663C00CFBF0D /* AppTwo */;
			targetProxy = FA482230294F663D00CFBF0D /* PBXContainerItemProxy */;
		};
/* End PBXTargetDependency section */

/* Begin PBXVariantGroup section */
		FA482218294F663C00CFBF0D /* Main.storyboard */ = {
			isa = PBXVariantGroup;
			children = (
				FA482219294F663C00CFBF0D /* Base */,
			);
			name = Main.storyboard;
			sourceTree = "<group>";
		};
		FA48221D294F663D00CFBF0D /* LaunchScreen.storyboard */ = {
			isa = PBXVariantGroup;
			children = (
				FA48221E294F663D00CFBF0D /* Base */,
			);
			name = LaunchScreen.storyboard;
			sourceTree = "<group>";
		};
/* End PBXVariantGroup section */

/* Begin XCBuildConfiguration section */
		FA482237294F663D00CFBF0D /* Debug */ = {
			isa = XCBuildConfiguration;
			buildSettings = {
				ALWAYS_SEARCH_USER_PATHS = NO;
				CLANG_ANALYZER_NONNULL = YES;
				CLANG_ANALYZER_NUMBER_OBJECT_CONVERSION = YES_AGGRESSIVE;
				CLANG_CXX_LANGUAGE_STANDARD = "gnu++20";
				CLANG_ENABLE_MODULES = YES;
				CLANG_ENABLE_OBJC_ARC = YES;
				CLANG_ENABLE_OBJC_WEAK = YES;
				CLANG_WARN_BLOCK_CAPTURE_AUTORELEASING = YES;
				CLANG_WARN_BOOL_CONVERSION = YES;
				CLANG_WARN_COMMA = YES;
				CLANG_WARN_CONSTANT_CONVERSION = YES;
				CLANG_WARN_DEPRECATED_OBJC_IMPLEMENTATIONS = YES;
				CLANG_WARN_DIRECT_OBJC_ISA_USAGE = YES_ERROR;
				CLANG_WARN_DOCUMENTATION_COMMENTS = YES;
				CLANG_WARN_EMPTY_BODY = YES;
				CLANG_WARN_ENUM_CONVERSION = YES;
				CLANG_WARN_INFINITE_RECURSION = YES;
				CLANG_WARN_INT_CONVERSION = YES;
				CLANG_WARN_NON_LITERAL_NULL_CONVERSION = YES;
				CLANG_WARN_OBJC_IMPLICIT_RETAIN_SELF = YES;
				CLANG_WARN_OBJC_LITERAL_CONVERSION = YES;
				CLANG_WARN_OBJC_ROOT_CLASS = YES_ERROR;
				CLANG_WARN_QUOTED_INCLUDE_IN_FRAMEWORK_HEADER = YES;
				CLANG_WARN_RANGE_LOOP_ANALYSIS = YES;
				CLANG_WARN_STRICT_PROTOTYPES = YES;
				CLANG_WARN_SUSPICIOUS_MOVE = YES;
				CLANG_WARN_UNGUARDED_AVAILABILITY = YES_AGGRESSIVE;
				CLANG_WARN_UNREACHABLE_CODE = YES;
				CLANG_WARN__DUPLICATE_METHOD_MATCH = YES;
				COPY_PHASE_STRIP = NO;
				DEBUG_INFORMATION_FORMAT = dwarf;
				ENABLE_STRICT_OBJC_MSGSEND = YES;
				ENABLE_TESTABILITY = YES;
				GCC_C_LANGUAGE_STANDARD = gnu11;
				GCC_DYNAMIC_NO_PIC = NO;
				GCC_NO_COMMON_BLOCKS = YES;
				GCC_OPTIMIZATION_LEVEL = 0;
				GCC_PREPROCESSOR_DEFINITIONS = (
					"DEBUG=1",
					"$(inherited)",
				);
				GCC_WARN_64_TO_32_BIT_CONVERSION = YES;
				GCC_WARN_ABOUT_RETURN_TYPE = YES_ERROR;
				GCC_WARN_UNDECLARED_SELECTOR = YES;
				GCC_WARN_UNINITIALIZED_AUTOS = YES_AGGRESSIVE;
				GCC_WARN_UNUSED_FUNCTION = YES;
				GCC_WARN_UNUSED_VARIABLE = YES;
				IPHONEOS_DEPLOYMENT_TARGET = 16.2;
				MTL_ENABLE_DEBUG_INFO = INCLUDE_SOURCE;
				MTL_FAST_MATH = YES;
				ONLY_ACTIVE_ARCH = YES;
				SDKROOT = iphoneos;
				SWIFT_ACTIVE_COMPILATION_CONDITIONS = DEBUG;
				SWIFT_OPTIMIZATION_LEVEL = "-Onone";
			};
			name = Debug;
		};
		FA482238294F663D00CFBF0D /* Release */ = {
			isa = XCBuildConfiguration;
			buildSettings = {
				ALWAYS_SEARCH_USER_PATHS = NO;
				CLANG_ANALYZER_NONNULL = YES;
				CLANG_ANALYZER_NUMBER_OBJECT_CONVERSION = YES_AGGRESSIVE;
				CLANG_CXX_LANGUAGE_STANDARD = "gnu++20";
				CLANG_ENABLE_MODULES = YES;
				CLANG_ENABLE_OBJC_ARC = YES;
				CLANG_ENABLE_OBJC_WEAK = YES;
				CLANG_WARN_BLOCK_CAPTURE_AUTORELEASING = YES;
				CLANG_WARN_BOOL_CONVERSION = YES;
				CLANG_WARN_COMMA = YES;
				CLANG_WARN_CONSTANT_CONVERSION = YES;
				CLANG_WARN_DEPRECATED_OBJC_IMPLEMENTATIONS = YES;
				CLANG_WARN_DIRECT_OBJC_ISA_USAGE = YES_ERROR;
				CLANG_WARN_DOCUMENTATION_COMMENTS = YES;
				CLANG_WARN_EMPTY_BODY = YES;
				CLANG_WARN_ENUM_CONVERSION = YES;
				CLANG_WARN_INFINITE_RECURSION = YES;
				CLANG_WARN_INT_CONVERSION = YES;
				CLANG_WARN_NON_LITERAL_NULL_CONVERSION = YES;
				CLANG_WARN_OBJC_IMPLICIT_RETAIN_SELF = YES;
				CLANG_WARN_OBJC_LITERAL_CONVERSION = YES;
				CLANG_WARN_OBJC_ROOT_CLASS = YES_ERROR;
				CLANG_WARN_QUOTED_INCLUDE_IN_FRAMEWORK_HEADER = YES;
				CLANG_WARN_RANGE_LOOP_ANALYSIS = YES;
				CLANG_WARN_STRICT_PROTOTYPES = YES;
				CLANG_WARN_SUSPICIOUS_MOVE = YES;
				CLANG_WARN_UNGUARDED_AVAILABILITY = YES_AGGRESSIVE;
				CLANG_WARN_UNREACHABLE_CODE = YES;
				CLANG_WARN__DUPLICATE_METHOD_MATCH = YES;
				COPY_PHASE_STRIP = NO;
				DEBUG_INFORMATION_FORMAT = "dwarf-with-dsym";
				ENABLE_NS_ASSERTIONS = NO;
				ENABLE_STRICT_OBJC_MSGSEND = YES;
				GCC_C_LANGUAGE_STANDARD = gnu11;
				GCC_NO_COMMON_BLOCKS = YES;
				GCC_WARN_64_TO_32_BIT_CONVERSION = YES;
				GCC_WARN_ABOUT_RETURN_TYPE = YES_ERROR;
				GCC_WARN_UNDECLARED_SELECTOR = YES;
				GCC_WARN_UNINITIALIZED_AUTOS = YES_AGGRESSIVE;
				GCC_WARN_UNUSED_FUNCTION = YES;
				GCC_WARN_UNUSED_VARIABLE = YES;
				IPHONEOS_DEPLOYMENT_TARGET = 16.2;
				MTL_ENABLE_DEBUG_INFO = NO;
				MTL_FAST_MATH = YES;
				SDKROOT = iphoneos;
				SWIFT_COMPILATION_MODE = wholemodule;
				SWIFT_OPTIMIZATION_LEVEL = "-O";
				VALIDATE_PRODUCT = YES;
			};
			name = Release;
		};
		FA48223A294F663D00CFBF0D /* Debug */ = {
			isa = XCBuildConfiguration;
			buildSettings = {
				ASSETCATALOG_COMPILER_APPICON_NAME = AppIcon;
				ASSETCATALOG_COMPILER_GLOBAL_ACCENT_COLOR_NAME = AccentColor;
				CODE_SIGN_STYLE = Automatic;
				CURRENT_PROJECT_VERSION = 1;
				GENERATE_INFOPLIST_FILE = YES;
				INFOPLIST_FILE = AppTwo/Info.plist;
				INFOPLIST_KEY_UIApplicationSupportsIndirectInputEvents = YES;
				INFOPLIST_KEY_UILaunchStoryboardName = LaunchScreen;
				INFOPLIST_KEY_UIMainStoryboardFile = Main;
				INFOPLIST_KEY_UISupportedInterfaceOrientations_iPad = "UIInterfaceOrientationPortrait UIInterfaceOrientationPortraitUpsideDown UIInterfaceOrientationLandscapeLeft UIInterfaceOrientationLandscapeRight";
				INFOPLIST_KEY_UISupportedInterfaceOrientations_iPhone = "UIInterfaceOrientationPortrait UIInterfaceOrientationLandscapeLeft UIInterfaceOrientationLandscapeRight";
				LD_RUNPATH_SEARCH_PATHS = (
					"$(inherited)",
					"@executable_path/Frameworks",
				);
				MARKETING_VERSION = 1.0;
				PRODUCT_BUNDLE_IDENTIFIER = ll.AppTwo;
				PRODUCT_NAME = "$(TARGET_NAME)";
				SWIFT_EMIT_LOC_STRINGS = YES;
				SWIFT_VERSION = 5.0;
				TARGETED_DEVICE_FAMILY = "1,2";
			};
			name = Debug;
		};
		FA48223B294F663D00CFBF0D /* Release */ = {
			isa = XCBuildConfiguration;
			buildSettings = {
				ASSETCATALOG_COMPILER_APPICON_NAME = AppIcon;
				ASSETCATALOG_COMPILER_GLOBAL_ACCENT_COLOR_NAME = AccentColor;
				CODE_SIGN_STYLE = Automatic;
				CURRENT_PROJECT_VERSION = 1;
				GENERATE_INFOPLIST_FILE = YES;
				INFOPLIST_FILE = AppTwo/Info.plist;
				INFOPLIST_KEY_UIApplicationSupportsIndirectInputEvents = YES;
				INFOPLIST_KEY_UILaunchStoryboardName = LaunchScreen;
				INFOPLIST_KEY_UIMainStoryboardFile = Main;
				INFOPLIST_KEY_UISupportedInterfaceOrientations_iPad = "UIInterfaceOrientationPortrait UIInterfaceOrientationPortraitUpsideDown UIInterfaceOrientationLandscapeLeft UIInterfaceOrientationLandscapeRight";
				INFOPLIST_KEY_UISupportedInterfaceOrientations_iPhone = "UIInterfaceOrientationPortrait UIInterfaceOrientationLandscapeLeft UIInterfaceOrientationLandscapeRight";
				LD_RUNPATH_SEARCH_PATHS = (
					"$(inherited)",
					"@executable_path/Frameworks",
				);
				MARKETING_VERSION = 1.0;
				PRODUCT_BUNDLE_IDENTIFIER = ll.AppTwo;
				PRODUCT_NAME = "$(TARGET_NAME)";
				SWIFT_EMIT_LOC_STRINGS = YES;
				SWIFT_VERSION = 5.0;
				TARGETED_DEVICE_FAMILY = "1,2";
			};
			name = Release;
		};
		FA48223D294F663D00CFBF0D /* Debug */ = {
			isa = XCBuildConfiguration;
			buildSettings = {
				ALWAYS_EMBED_SWIFT_STANDARD_LIBRARIES = YES;
				BUNDLE_LOADER = "$(TEST_HOST)";
				CODE_SIGN_STYLE = Automatic;
				CURRENT_PROJECT_VERSION = 1;
				GENERATE_INFOPLIST_FILE = YES;
				IPHONEOS_DEPLOYMENT_TARGET = 16.2;
				MARKETING_VERSION = 1.0;
				PRODUCT_BUNDLE_IDENTIFIER = ll.AppTwoTests;
				PRODUCT_NAME = "$(TARGET_NAME)";
				SWIFT_EMIT_LOC_STRINGS = NO;
				SWIFT_VERSION = 5.0;
				TARGETED_DEVICE_FAMILY = "1,2";
				TEST_HOST = "$(BUILT_PRODUCTS_DIR)/AppTwo.app/$(BUNDLE_EXECUTABLE_FOLDER_PATH)/AppTwo";
			};
			name = Debug;
		};
		FA48223E294F663D00CFBF0D /* Release */ = {
			isa = XCBuildConfiguration;
			buildSettings = {
				ALWAYS_EMBED_SWIFT_STANDARD_LIBRARIES = YES;
				BUNDLE_LOADER = "$(TEST_HOST)";
				CODE_SIGN_STYLE = Automatic;
				CURRENT_PROJECT_VERSION = 1;
				GENERATE_INFOPLIST_FILE = YES;
				IPHONEOS_DEPLOYMENT_TARGET = 16.2;
				MARKETING_VERSION = 1.0;
				PRODUCT_BUNDLE_IDENTIFIER = ll.AppTwoTests;
				PRODUCT_NAME = "$(TARGET_NAME)";
				SWIFT_EMIT_LOC_STRINGS = NO;
				SWIFT_VERSION = 5.0;
				TARGETED_DEVICE_FAMILY = "1,2";
				TEST_HOST = "$(BUILT_PRODUCTS_DIR)/AppTwo.app/$(BUNDLE_EXECUTABLE_FOLDER_PATH)/AppTwo";
			};
			name = Release;
		};
		FA482240294F663D00CFBF0D /* Debug */ = {
			isa = XCBuildConfiguration;
			buildSettings = {
				ALWAYS_EMBED_SWIFT_STANDARD_LIBRARIES = YES;
				CODE_SIGN_STYLE = Automatic;
				CURRENT_PROJECT_VERSION = 1;
				GENERATE_INFOPLIST_FILE = YES;
				MARKETING_VERSION = 1.0;
				PRODUCT_BUNDLE_IDENTIFIER = ll.AppTwoUITests;
				PRODUCT_NAME = "$(TARGET_NAME)";
				SWIFT_EMIT_LOC_STRINGS = NO;
				SWIFT_VERSION = 5.0;
				TARGETED_DEVICE_FAMILY = "1,2";
				TEST_TARGET_NAME = AppTwo;
			};
			name = Debug;
		};
		FA482241294F663D00CFBF0D /* Release */ = {
			isa = XCBuildConfiguration;
			buildSettings = {
				ALWAYS_EMBED_SWIFT_STANDARD_LIBRARIES = YES;
				CODE_SIGN_STYLE = Automatic;
				CURRENT_PROJECT_VERSION = 1;
				GENERATE_INFOPLIST_FILE = YES;
				MARKETING_VERSION = 1.0;
				PRODUCT_BUNDLE_IDENTIFIER = ll.AppTwoUITests;
				PRODUCT_NAME = "$(TARGET_NAME)";
				SWIFT_EMIT_LOC_STRINGS = NO;
				SWIFT_VERSION = 5.0;
				TARGETED_DEVICE_FAMILY = "1,2";
				TEST_TARGET_NAME = AppTwo;
			};
			name = Release;
		};
/* End XCBuildConfiguration section */

/* Begin XCConfigurationList section */
		FA48220A294F663C00CFBF0D /* Build configuration list for PBXProject "AppTwo" */ = {
			isa = XCConfigurationList;
			buildConfigurations = (
				FA482237294F663D00CFBF0D /* Debug */,
				FA482238294F663D00CFBF0D /* Release */,
			);
			defaultConfigurationIsVisible = 0;
			defaultConfigurationName = Release;
		};
		FA482239294F663D00CFBF0D /* Build configuration list for PBXNativeTarget "AppTwo" */ = {
			isa = XCConfigurationList;
			buildConfigurations = (
				FA48223A294F663D00CFBF0D /* Debug */,
				FA48223B294F663D00CFBF0D /* Release */,
			);
			defaultConfigurationIsVisible = 0;
			defaultConfigurationName = Release;
		};
		FA48223C294F663D00CFBF0D /* Build configuration list for PBXNativeTarget "AppTwoTests" */ = {
			isa = XCConfigurationList;
			buildConfigurations = (
				FA48223D294F663D00CFBF0D /* Debug */,
				FA48223E294F663D00CFBF0D /* Release */,
			);
			defaultConfigurationIsVisible = 0;
			defaultConfigurationName = Release;
		};
		FA48223F294F663D00CFBF0D /* Build configuration list for PBXNativeTarget "AppTwoUITests" */ = {
			isa = XCConfigurationList;
			buildConfigurations = (
				FA482240294F663D00CFBF0D /* Debug */,
				FA482241294F663D00CFBF0D /* Release */,
			);
			defaultConfigurationIsVisible = 0;
			defaultConfigurationName = Release;
		};
/* End XCConfigurationList section */
	};
	rootObject = FA482207294F663C00CFBF0D /* Project object */;
}
